
Microsoft Visual Studio Solution File, Format Version 12.00
# Visual Studio Version 16
VisualStudioVersion = 16.0.29424.173
MinimumVisualStudioVersion = 10.0.40219.1
Project("{9A19103F-16F7-4668-BE54-9A1E7A4F7556}") = "NLogServer", "NLogServer.csproj", "{3B329A91-64F3-4A71-9BD9-10C8AF073109}"
EndProject
Global
	GlobalSection(SolutionConfigurationPlatforms) = preSolution
		Debug|Any CPU = Debug|Any CPU
		Release|Any CPU = Release|Any CPU
	EndGlobalSection
	GlobalSection(ProjectConfigurationPlatforms) = postSolution
		{3B329A91-64F3-4A71-9BD9-10C8AF073109}.Debug|Any CPU.ActiveCfg = Debug|Any CPU
		{3B329A91-64F3-4A71-9BD9-10C8AF073109}.Debug|Any CPU.Build.0 = Debug|Any CPU
		{3B329A91-64F3-4A71-9BD9-10C8AF073109}.Release|Any CPU.ActiveCfg = Release|Any CPU
		{3B329A91-64F3-4A71-9BD9-10C8AF073109}.Release|Any CPU.Build.0 = Release|Any CPU
	EndGlobalSection
	GlobalSection(SolutionProperties) = preSolution
		HideSolutionNode = FALSE
	EndGlobalSection
	GlobalSection(ExtensibilityGlobals) = postSolution
		SolutionGuid = {B1B59E13-5D0B-47F9-AD2E-C9AA42FF4B62}
	EndGlobalSection
EndGlobal
